
Microsoft Visual Studio Solution File, Format Version 12.00
# Visual Studio Version 16
VisualStudioVersion = 16.0.30503.244
MinimumVisualStudioVersion = 10.0.40219.1
Project("{FAE04EC0-301F-11D3-BF4B-00C04F79EFBC}") = "Лин. алг. 2", "Лин. алг. 2\Лин. алг. 2.csproj", "{8ED6C28B-16B9-4E4F-A868-6A080D704F1F}"
EndProject
Global
	GlobalSection(SolutionConfigurationPlatforms) = preSolution
		Debug|Any CPU = Debug|Any CPU
		Release|Any CPU = Release|Any CPU
	EndGlobalSection
	GlobalSection(ProjectConfigurationPlatforms) = postSolution
		{8ED6C28B-16B9-4E4F-A868-6A080D704F1F}.Debug|Any CPU.ActiveCfg = Debug|Any CPU
		{8ED6C28B-16B9-4E4F-A868-6A080D704F1F}.Debug|Any CPU.Build.0 = Debug|Any CPU
		{8ED6C28B-16B9-4E4F-A868-6A080D704F1F}.Release|Any CPU.ActiveCfg = Release|Any CPU
		{8ED6C28B-16B9-4E4F-A868-6A080D704F1F}.Release|Any CPU.Build.0 = Release|Any CPU
	EndGlobalSection
	GlobalSection(SolutionProperties) = preSolution
		HideSolutionNode = FALSE
	EndGlobalSection
	GlobalSection(ExtensibilityGlobals) = postSolution
		SolutionGuid = {C8D37106-A1E1-4510-8F09-67A51A304A84}
	EndGlobalSection
EndGlobal
